
Microsoft Visual Studio Solution File, Format Version 12.00
# Visual Studio Version 17
VisualStudioVersion = 17.0.31903.59
MinimumVisualStudioVersion = 10.0.40219.1
Project("{2150E333-8FDC-42A3-9474-1A3956D46DE8}") = "src", "src", "{827E0CD3-B72D-47B6-A68D-7590B98EB39B}"
EndProject
Project("{FAE04EC0-301F-11D3-BF4B-00C04F79EFBC}") = "RiskDataPlatform.Core", "src\RiskDataPlatform.Core\RiskDataPlatform.Core.csproj", "{048C1B15-B9DB-4CEF-B057-083C343F7298}"
EndProject
Project("{FAE04EC0-301F-11D3-BF4B-00C04F79EFBC}") = "RiskDataPlatform.Infrastructure", "src\RiskDataPlatform.Infrastructure\RiskDataPlatform.Infrastructure.csproj", "{DEA1827A-BF12-4CE8-9B24-63584A243BC4}"
EndProject
Project("{FAE04EC0-301F-11D3-BF4B-00C04F79EFBC}") = "RiskDataPlatform.Grains", "src\RiskDataPlatform.Grains\RiskDataPlatform.Grains.csproj", "{6ADE3CA3-B1DE-4D0E-9E39-45ADA2C99B6B}"
EndProject
Project("{FAE04EC0-301F-11D3-BF4B-00C04F79EFBC}") = "RiskDataPlatform.Arrow", "src\RiskDataPlatform.Arrow\RiskDataPlatform.Arrow.csproj", "{FD8D16A5-BF8A-4B64-A1EA-ED469D217872}"
EndProject
Project("{FAE04EC0-301F-11D3-BF4B-00C04F79EFBC}") = "RiskDataPlatform.Query", "src\RiskDataPlatform.Query\RiskDataPlatform.Query.csproj", "{2E3ECF26-D9FE-4503-8A2E-7F8E6FCD55E7}"
EndProject
Project("{FAE04EC0-301F-11D3-BF4B-00C04F79EFBC}") = "RiskDataPlatform.Api", "src\RiskDataPlatform.Api\RiskDataPlatform.Api.csproj", "{5D08B67C-E864-471C-97D6-7798F3C2DE1F}"
EndProject
Project("{FAE04EC0-301F-11D3-BF4B-00C04F79EFBC}") = "RiskDataPlatform.AppHost", "src\RiskDataPlatform.AppHost\RiskDataPlatform.AppHost.csproj", "{EC992CE2-C16D-4BC9-9C49-9E05CA863322}"
EndProject
Project("{FAE04EC0-301F-11D3-BF4B-00C04F79EFBC}") = "RiskDataPlatform.ServiceDefaults", "src\RiskDataPlatform.ServiceDefaults\RiskDataPlatform.ServiceDefaults.csproj", "{79E5C259-E595-410D-9188-C6E3F0FFEF6C}"
EndProject
Project("{2150E333-8FDC-42A3-9474-1A3956D46DE8}") = "tests", "tests", "{0AB3BF05-4346-4AA6-1389-037BE0695223}"
EndProject
Project("{FAE04EC0-301F-11D3-BF4B-00C04F79EFBC}") = "RiskDataPlatform.Tests.Unit", "tests\RiskDataPlatform.Tests.Unit\RiskDataPlatform.Tests.Unit.csproj", "{CF6E05FF-9F87-4CA9-BE94-D3F915D7CDC2}"
EndProject
Project("{FAE04EC0-301F-11D3-BF4B-00C04F79EFBC}") = "RiskDataPlatform.Tests.Benchmarks", "tests\RiskDataPlatform.Tests.Benchmarks\RiskDataPlatform.Tests.Benchmarks.csproj", "{A7B6D68B-2E83-4A1E-B9A6-CA2901CFBEFF}"
EndProject
Global
	GlobalSection(SolutionConfigurationPlatforms) = preSolution
		Debug|Any CPU = Debug|Any CPU
		Debug|x64 = Debug|x64
		Debug|x86 = Debug|x86
		Release|Any CPU = Release|Any CPU
		Release|x64 = Release|x64
		Release|x86 = Release|x86
	EndGlobalSection
	GlobalSection(ProjectConfigurationPlatforms) = postSolution
		{048C1B15-B9DB-4CEF-B057-083C343F7298}.Debug|Any CPU.ActiveCfg = Debug|Any CPU
		{048C1B15-B9DB-4CEF-B057-083C343F7298}.Debug|Any CPU.Build.0 = Debug|Any CPU
		{048C1B15-B9DB-4CEF-B057-083C343F7298}.Debug|x64.ActiveCfg = Debug|Any CPU
		{048C1B15-B9DB-4CEF-B057-083C343F7298}.Debug|x64.Build.0 = Debug|Any CPU
		{048C1B15-B9DB-4CEF-B057-083C343F7298}.Debug|x86.ActiveCfg = Debug|Any CPU
		{048C1B15-B9DB-4CEF-B057-083C343F7298}.Debug|x86.Build.0 = Debug|Any CPU
		{048C1B15-B9DB-4CEF-B057-083C343F7298}.Release|Any CPU.ActiveCfg = Release|Any CPU
		{048C1B15-B9DB-4CEF-B057-083C343F7298}.Release|Any CPU.Build.0 = Release|Any CPU
		{048C1B15-B9DB-4CEF-B057-083C343F7298}.Release|x64.ActiveCfg = Release|Any CPU
		{048C1B15-B9DB-4CEF-B057-083C343F7298}.Release|x64.Build.0 = Release|Any CPU
		{048C1B15-B9DB-4CEF-B057-083C343F7298}.Release|x86.ActiveCfg = Release|Any CPU
		{048C1B15-B9DB-4CEF-B057-083C343F7298}.Release|x86.Build.0 = Release|Any CPU
		{DEA1827A-BF12-4CE8-9B24-63584A243BC4}.Debug|Any CPU.ActiveCfg = Debug|Any CPU
		{DEA1827A-BF12-4CE8-9B24-63584A243BC4}.Debug|Any CPU.Build.0 = Debug|Any CPU
		{DEA1827A-BF12-4CE8-9B24-63584A243BC4}.Debug|x64.ActiveCfg = Debug|Any CPU
		{DEA1827A-BF12-4CE8-9B24-63584A243BC4}.Debug|x64.Build.0 = Debug|Any CPU
		{DEA1827A-BF12-4CE8-9B24-63584A243BC4}.Debug|x86.ActiveCfg = Debug|Any CPU
		{DEA1827A-BF12-4CE8-9B24-63584A243BC4}.Debug|x86.Build.0 = Debug|Any CPU
		{DEA1827A-BF12-4CE8-9B24-63584A243BC4}.Release|Any CPU.ActiveCfg = Release|Any CPU
		{DEA1827A-BF12-4CE8-9B24-63584A243BC4}.Release|Any CPU.Build.0 = Release|Any CPU
		{DEA1827A-BF12-4CE8-9B24-63584A243BC4}.Release|x64.ActiveCfg = Release|Any CPU
		{DEA1827A-BF12-4CE8-9B24-63584A243BC4}.Release|x64.Build.0 = Release|Any CPU
		{DEA1827A-BF12-4CE8-9B24-63584A243BC4}.Release|x86.ActiveCfg = Release|Any CPU
		{DEA1827A-BF12-4CE8-9B24-63584A243BC4}.Release|x86.Build.0 = Release|Any CPU
		{6ADE3CA3-B1DE-4D0E-9E39-45ADA2C99B6B}.Debug|Any CPU.ActiveCfg = Debug|Any CPU
		{6ADE3CA3-B1DE-4D0E-9E39-45ADA2C99B6B}.Debug|Any CPU.Build.0 = Debug|Any CPU
		{6ADE3CA3-B1DE-4D0E-9E39-45ADA2C99B6B}.Debug|x64.ActiveCfg = Debug|Any CPU
		{6ADE3CA3-B1DE-4D0E-9E39-45ADA2C99B6B}.Debug|x64.Build.0 = Debug|Any CPU
		{6ADE3CA3-B1DE-4D0E-9E39-45ADA2C99B6B}.Debug|x86.ActiveCfg = Debug|Any CPU
		{6ADE3CA3-B1DE-4D0E-9E39-45ADA2C99B6B}.Debug|x86.Build.0 = Debug|Any CPU
		{6ADE3CA3-B1DE-4D0E-9E39-45ADA2C99B6B}.Release|Any CPU.ActiveCfg = Release|Any CPU
		{6ADE3CA3-B1DE-4D0E-9E39-45ADA2C99B6B}.Release|Any CPU.Build.0 = Release|Any CPU
		{6ADE3CA3-B1DE-4D0E-9E39-45ADA2C99B6B}.Release|x64.ActiveCfg = Release|Any CPU
		{6ADE3CA3-B1DE-4D0E-9E39-45ADA2C99B6B}.Release|x64.Build.0 = Release|Any CPU
		{6ADE3CA3-B1DE-4D0E-9E39-45ADA2C99B6B}.Release|x86.ActiveCfg = Release|Any CPU
		{6ADE3CA3-B1DE-4D0E-9E39-45ADA2C99B6B}.Release|x86.Build.0 = Release|Any CPU
		{FD8D16A5-BF8A-4B64-A1EA-ED469D217872}.Debug|Any CPU.ActiveCfg = Debug|Any CPU
		{FD8D16A5-BF8A-4B64-A1EA-ED469D217872}.Debug|Any CPU.Build.0 = Debug|Any CPU
		{FD8D16A5-BF8A-4B64-A1EA-ED469D217872}.Debug|x64.ActiveCfg = Debug|Any CPU
		{FD8D16A5-BF8A-4B64-A1EA-ED469D217872}.Debug|x64.Build.0 = Debug|Any CPU
		{FD8D16A5-BF8A-4B64-A1EA-ED469D217872}.Debug|x86.ActiveCfg = Debug|Any CPU
		{FD8D16A5-BF8A-4B64-A1EA-ED469D217872}.Debug|x86.Build.0 = Debug|Any CPU
		{FD8D16A5-BF8A-4B64-A1EA-ED469D217872}.Release|Any CPU.ActiveCfg = Release|Any CPU
		{FD8D16A5-BF8A-4B64-A1EA-ED469D217872}.Release|Any CPU.Build.0 = Release|Any CPU
		{FD8D16A5-BF8A-4B64-A1EA-ED469D217872}.Release|x64.ActiveCfg = Release|Any CPU
		{FD8D16A5-BF8A-4B64-A1EA-ED469D217872}.Release|x64.Build.0 = Release|Any CPU
		{FD8D16A5-BF8A-4B64-A1EA-ED469D217872}.Release|x86.ActiveCfg = Release|Any CPU
		{FD8D16A5-BF8A-4B64-A1EA-ED469D217872}.Release|x86.Build.0 = Release|Any CPU
		{2E3ECF26-D9FE-4503-8A2E-7F8E6FCD55E7}.Debug|Any CPU.ActiveCfg = Debug|Any CPU
		{2E3ECF26-D9FE-4503-8A2E-7F8E6FCD55E7}.Debug|Any CPU.Build.0 = Debug|Any CPU
		{2E3ECF26-D9FE-4503-8A2E-7F8E6FCD55E7}.Debug|x64.ActiveCfg = Debug|Any CPU
		{2E3ECF26-D9FE-4503-8A2E-7F8E6FCD55E7}.Debug|x64.Build.0 = Debug|Any CPU
		{2E3ECF26-D9FE-4503-8A2E-7F8E6FCD55E7}.Debug|x86.ActiveCfg = Debug|Any CPU
		{2E3ECF26-D9FE-4503-8A2E-7F8E6FCD55E7}.Debug|x86.Build.0 = Debug|Any CPU
		{2E3ECF26-D9FE-4503-8A2E-7F8E6FCD55E7}.Release|Any CPU.ActiveCfg = Release|Any CPU
		{2E3ECF26-D9FE-4503-8A2E-7F8E6FCD55E7}.Release|Any CPU.Build.0 = Release|Any CPU
		{2E3ECF26-D9FE-4503-8A2E-7F8E6FCD55E7}.Release|x64.ActiveCfg = Release|Any CPU
		{2E3ECF26-D9FE-4503-8A2E-7F8E6FCD55E7}.Release|x64.Build.0 = Release|Any CPU
		{2E3ECF26-D9FE-4503-8A2E-7F8E6FCD55E7}.Release|x86.ActiveCfg = Release|Any CPU
		{2E3ECF26-D9FE-4503-8A2E-7F8E6FCD55E7}.Release|x86.Build.0 = Release|Any CPU
		{5D08B67C-E864-471C-97D6-7798F3C2DE1F}.Debug|Any CPU.ActiveCfg = Debug|Any CPU
		{5D08B67C-E864-471C-97D6-7798F3C2DE1F}.Debug|Any CPU.Build.0 = Debug|Any CPU
		{5D08B67C-E864-471C-97D6-7798F3C2DE1F}.Debug|x64.ActiveCfg = Debug|Any CPU
		{5D08B67C-E864-471C-97D6-7798F3C2DE1F}.Debug|x64.Build.0 = Debug|Any CPU
		{5D08B67C-E864-471C-97D6-7798F3C2DE1F}.Debug|x86.ActiveCfg = Debug|Any CPU
		{5D08B67C-E864-471C-97D6-7798F3C2DE1F}.Debug|x86.Build.0 = Debug|Any CPU
		{5D08B67C-E864-471C-97D6-7798F3C2DE1F}.Release|Any CPU.ActiveCfg = Release|Any CPU
		{5D08B67C-E864-471C-97D6-7798F3C2DE1F}.Release|Any CPU.Build.0 = Release|Any CPU
		{5D08B67C-E864-471C-97D6-7798F3C2DE1F}.Release|x64.ActiveCfg = Release|Any CPU
		{5D08B67C-E864-471C-97D6-7798F3C2DE1F}.Release|x64.Build.0 = Release|Any CPU
		{5D08B67C-E864-471C-97D6-7798F3C2DE1F}.Release|x86.ActiveCfg = Release|Any CPU
		{5D08B67C-E864-471C-97D6-7798F3C2DE1F}.Release|x86.Build.0 = Release|Any CPU
		{EC992CE2-C16D-4BC9-9C49-9E05CA863322}.Debug|Any CPU.ActiveCfg = Debug|Any CPU
		{EC992CE2-C16D-4BC9-9C49-9E05CA863322}.Debug|Any CPU.Build.0 = Debug|Any CPU
		{EC992CE2-C16D-4BC9-9C49-9E05CA863322}.Debug|x64.ActiveCfg = Debug|Any CPU
		{EC992CE2-C16D-4BC9-9C49-9E05CA863322}.Debug|x64.Build.0 = Debug|Any CPU
		{EC992CE2-C16D-4BC9-9C49-9E05CA863322}.Debug|x86.ActiveCfg = Debug|Any CPU
		{EC992CE2-C16D-4BC9-9C49-9E05CA863322}.Debug|x86.Build.0 = Debug|Any CPU
		{EC992CE2-C16D-4BC9-9C49-9E05CA863322}.Release|Any CPU.ActiveCfg = Release|Any CPU
		{EC992CE2-C16D-4BC9-9C49-9E05CA863322}.Release|Any CPU.Build.0 = Release|Any CPU
		{EC992CE2-C16D-4BC9-9C49-9E05CA863322}.Release|x64.ActiveCfg = Release|Any CPU
		{EC992CE2-C16D-4BC9-9C49-9E05CA863322}.Release|x64.Build.0 = Release|Any CPU
		{EC992CE2-C16D-4BC9-9C49-9E05CA863322}.Release|x86.ActiveCfg = Release|Any CPU
		{EC992CE2-C16D-4BC9-9C49-9E05CA863322}.Release|x86.Build.0 = Release|Any CPU
		{79E5C259-E595-410D-9188-C6E3F0FFEF6C}.Debug|Any CPU.ActiveCfg = Debug|Any CPU
		{79E5C259-E595-410D-9188-C6E3F0FFEF6C}.Debug|Any CPU.Build.0 = Debug|Any CPU
		{79E5C259-E595-410D-9188-C6E3F0FFEF6C}.Debug|x64.ActiveCfg = Debug|Any CPU
		{79E5C259-E595-410D-9188-C6E3F0FFEF6C}.Debug|x64.Build.0 = Debug|Any CPU
		{79E5C259-E595-410D-9188-C6E3F0FFEF6C}.Debug|x86.ActiveCfg = Debug|Any CPU
		{79E5C259-E595-410D-9188-C6E3F0FFEF6C}.Debug|x86.Build.0 = Debug|Any CPU
		{79E5C259-E595-410D-9188-C6E3F0FFEF6C}.Release|Any CPU.ActiveCfg = Release|Any CPU
		{79E5C259-E595-410D-9188-C6E3F0FFEF6C}.Release|Any CPU.Build.0 = Release|Any CPU
		{79E5C259-E595-410D-9188-C6E3F0FFEF6C}.Release|x64.ActiveCfg = Release|Any CPU
		{79E5C259-E595-410D-9188-C6E3F0FFEF6C}.Release|x64.Build.0 = Release|Any CPU
		{79E5C259-E595-410D-9188-C6E3F0FFEF6C}.Release|x86.ActiveCfg = Release|Any CPU
		{79E5C259-E595-410D-9188-C6E3F0FFEF6C}.Release|x86.Build.0 = Release|Any CPU
		{CF6E05FF-9F87-4CA9-BE94-D3F915D7CDC2}.Debug|Any CPU.ActiveCfg = Debug|Any CPU
		{CF6E05FF-9F87-4CA9-BE94-D3F915D7CDC2}.Debug|Any CPU.Build.0 = Debug|Any CPU
		{CF6E05FF-9F87-4CA9-BE94-D3F915D7CDC2}.Debug|x64.ActiveCfg = Debug|Any CPU
		{CF6E05FF-9F87-4CA9-BE94-D3F915D7CDC2}.Debug|x64.Build.0 = Debug|Any CPU
		{CF6E05FF-9F87-4CA9-BE94-D3F915D7CDC2}.Debug|x86.ActiveCfg = Debug|Any CPU
		{CF6E05FF-9F87-4CA9-BE94-D3F915D7CDC2}.Debug|x86.Build.0 = Debug|Any CPU
		{CF6E05FF-9F87-4CA9-BE94-D3F915D7CDC2}.Release|Any CPU.ActiveCfg = Release|Any CPU
		{CF6E05FF-9F87-4CA9-BE94-D3F915D7CDC2}.Release|Any CPU.Build.0 = Release|Any CPU
		{CF6E05FF-9F87-4CA9-BE94-D3F915D7CDC2}.Release|x64.ActiveCfg = Release|Any CPU
		{CF6E05FF-9F87-4CA9-BE94-D3F915D7CDC2}.Release|x64.Build.0 = Release|Any CPU
		{CF6E05FF-9F87-4CA9-BE94-D3F915D7CDC2}.Release|x86.ActiveCfg = Release|Any CPU
		{CF6E05FF-9F87-4CA9-BE94-D3F915D7CDC2}.Release|x86.Build.0 = Release|Any CPU
		{A7B6D68B-2E83-4A1E-B9A6-CA2901CFBEFF}.Debug|Any CPU.ActiveCfg = Debug|Any CPU
		{A7B6D68B-2E83-4A1E-B9A6-CA2901CFBEFF}.Debug|Any CPU.Build.0 = Debug|Any CPU
		{A7B6D68B-2E83-4A1E-B9A6-CA2901CFBEFF}.Debug|x64.ActiveCfg = Debug|Any CPU
		{A7B6D68B-2E83-4A1E-B9A6-CA2901CFBEFF}.Debug|x64.Build.0 = Debug|Any CPU
		{A7B6D68B-2E83-4A1E-B9A6-CA2901CFBEFF}.Debug|x86.ActiveCfg = Debug|Any CPU
		{A7B6D68B-2E83-4A1E-B9A6-CA2901CFBEFF}.Debug|x86.Build.0 = Debug|Any CPU
		{A7B6D68B-2E83-4A1E-B9A6-CA2901CFBEFF}.Release|Any CPU.ActiveCfg = Release|Any CPU
		{A7B6D68B-2E83-4A1E-B9A6-CA2901CFBEFF}.Release|Any CPU.Build.0 = Release|Any CPU
		{A7B6D68B-2E83-4A1E-B9A6-CA2901CFBEFF}.Release|x64.ActiveCfg = Release|Any CPU
		{A7B6D68B-2E83-4A1E-B9A6-CA2901CFBEFF}.Release|x64.Build.0 = Release|Any CPU
		{A7B6D68B-2E83-4A1E-B9A6-CA2901CFBEFF}.Release|x86.ActiveCfg = Release|Any CPU
		{A7B6D68B-2E83-4A1E-B9A6-CA2901CFBEFF}.Release|x86.Build.0 = Release|Any CPU
	EndGlobalSection
	GlobalSection(SolutionProperties) = preSolution
		HideSolutionNode = FALSE
	EndGlobalSection
	GlobalSection(NestedProjects) = preSolution
		{048C1B15-B9DB-4CEF-B057-083C343F7298} = {827E0CD3-B72D-47B6-A68D-7590B98EB39B}
		{DEA1827A-BF12-4CE8-9B24-63584A243BC4} = {827E0CD3-B72D-47B6-A68D-7590B98EB39B}
		{6ADE3CA3-B1DE-4D0E-9E39-45ADA2C99B6B} = {827E0CD3-B72D-47B6-A68D-7590B98EB39B}
		{FD8D16A5-BF8A-4B64-A1EA-ED469D217872} = {827E0CD3-B72D-47B6-A68D-7590B98EB39B}
		{2E3ECF26-D9FE-4503-8A2E-7F8E6FCD55E7} = {827E0CD3-B72D-47B6-A68D-7590B98EB39B}
		{5D08B67C-E864-471C-97D6-7798F3C2DE1F} = {827E0CD3-B72D-47B6-A68D-7590B98EB39B}
		{EC992CE2-C16D-4BC9-9C49-9E05CA863322} = {827E0CD3-B72D-47B6-A68D-7590B98EB39B}
		{79E5C259-E595-410D-9188-C6E3F0FFEF6C} = {827E0CD3-B72D-47B6-A68D-7590B98EB39B}
		{CF6E05FF-9F87-4CA9-BE94-D3F915D7CDC2} = {0AB3BF05-4346-4AA6-1389-037BE0695223}
		{A7B6D68B-2E83-4A1E-B9A6-CA2901CFBEFF} = {0AB3BF05-4346-4AA6-1389-037BE0695223}
	EndGlobalSection
EndGlobal
